hash: 4ee4713d6c89f9f5c8bb53a9d7eda94c14d69ebc70a0f30f48801c416e002740
updated: 2016-12-22T08:28:36.69998899+01:00
imports:
- name: github.com/apache/thrift
  version: 0c27352179e0463bde1f68757f2d77e3c222f530
  subpackages:
  - lib/go/thrift
- name: github.com/beorn7/perks
  version: 4c0e84591b9aa9e6dcfdf3e020114cd81f89d5f9
  subpackages:
  - quantile
- name: github.com/davecgh/go-spew
  version: 5215b55f46b2b919f50a1df0eaa5886afe4e3b3d
  subpackages:
  - spew
- name: github.com/eapache/go-resiliency
  version: b86b1ec0dd4209a588dc1285cdd471e73525c0b3
  subpackages:
  - breaker
- name: github.com/eapache/go-xerial-snappy
  version: bb955e01b9346ac19dc29eb16586c90ded99a98c
- name: github.com/eapache/queue
  version: 44cc805cf13205b55f69e14bcb69867d1ae92f98
- name: github.com/go-kit/kit
  version: 988c05d06d8ee3a9c13782f0e49b2c6e4726388d
  subpackages:
  - endpoint
  - log
  - metrics
  - metrics/internal/lv
  - metrics/prometheus
  - tracing/opentracing
  - transport/http
- name: github.com/go-logfmt/logfmt
  version: d4327190ff838312623b09bfeb50d7c93c8d9c1d
- name: github.com/go-stack/stack
  version: 100eb0c0a9c5b306ca2fb4f165df21d80ada4b82
- name: github.com/gogo/protobuf
  version: 06ec6c31ff1bac6ed4e205a547a3d72934813ef3
  subpackages:
  - proto
- name: github.com/golang/protobuf
  version: 1f49d83d9aa00e6ce4fc8258c71cc7786aec968a
  subpackages:
  - proto
- name: github.com/golang/snappy
  version: d9eb7a3d35ec988b8585d4a0068e462c27d28380
- name: github.com/gorilla/context
  version: 08b5f424b9271eedf6f9f0ce86cb9396ed337a42
- name: github.com/gorilla/mux
  version: cf79e51a62d8219d52060dfc1b4e810414ba2d15
- name: github.com/klauspost/crc32
  version: cb6bfca970f6908083f26f39a79009d608efd5cd
- name: github.com/kr/logfmt
  version: b84e30acd515aadc4b783ad4ff83aff3299bdfe0
- name: github.com/matttproud/golang_protobuf_extensions
  version: c12348ce28de40eed0136aa2b644d0ee0650e56c
  subpackages:
  - pbutil
- name: github.com/opentracing/opentracing-go
  version: 0c3154a3c2ce79d3271985848659870599dfb77c
  subpackages:
  - ext
  - log
- name: github.com/openzipkin/zipkin-go-opentracing
  version: 594640b9ef7e5c994e8d9499359d693c032d738c
  subpackages:
  - _thrift/gen-go/scribe
  - _thrift/gen-go/zipkincore
  - flag
  - types
  - wire
- name: github.com/pierrec/lz4
  version: 5c9560bfa9ace2bf86080bf40d46b34ae44604df
- name: github.com/pierrec/xxHash
  version: 5a004441f897722c627870a981d02b29924215fa
  subpackages:
  - xxHash32
- name: github.com/prometheus/client_golang
  version: 5636dc67ae776adf5590da7349e70fbb9559972d
  subpackages:
  - prometheus
  - prometheus/promhttp
- name: github.com/prometheus/client_model
  version: fa8ad6fec33561be4280a8f0514318c79d7f6cb6
  subpackages:
  - go
- name: github.com/prometheus/common
  version: 9a94032291f2192936512bab367bc45e77990d6a
  subpackages:
  - expfmt
  - internal/bitbucket.org/ww/goautoneg
  - model
- name: github.com/prometheus/procfs
  version: abf152e5f3e97f2fafac028d2cc06c1feb87ffa5
- name: github.com/rcrowley/go-metrics
  version: 1f30fe9094a513ce4c700b9a54458bbb0c96996c
- name: github.com/Shopify/sarama
  version: 9418d7c7189af6ea2df537692f9428efe1368368
- name: golang.org/x/net
  version: 7394c112eae4dba7e96bfcfe738e6373d61772b4
  subpackages:
  - context
  - context/ctxhttp
- name: google.golang.org/grpc
  version: 09aecb094ef6b9ebe49dd999f52c505beeeb402e
  subpackages:
  - metadata
- name: gopkg.in/mgo.v2
  version: 3f83fa5005286a7fe593b055f0d7771a7dce4655
  subpackages:
  - bson
  - dbtest
  - internal/json
  - internal/sasl
  - internal/scram
- name: gopkg.in/tomb.v2
  version: 14b3d72120e8d10ea6e6b7f87f7175734b1faab8
testImports: []
